
Microsoft Visual Studio Solution File, Format Version 12.00
# Visual Studio Version 17
VisualStudioVersion = 17.5.33516.290
MinimumVisualStudioVersion = 10.0.40219.1
Project("{FAE04EC0-301F-11D3-BF4B-00C04F79EFBC}") = "Home7", "Home7\Home7.csproj", "{653F43D7-1060-4767-88C1-93FFCEBFD337}"
EndProject
Global
	GlobalSection(SolutionConfigurationPlatforms) = preSolution
		Debug|Any CPU = Debug|Any CPU
		Release|Any CPU = Release|Any CPU
	EndGlobalSection
	GlobalSection(ProjectConfigurationPlatforms) = postSolution
		{653F43D7-1060-4767-88C1-93FFCEBFD337}.Debug|Any CPU.ActiveCfg = Debug|Any CPU
		{653F43D7-1060-4767-88C1-93FFCEBFD337}.Debug|Any CPU.Build.0 = Debug|Any CPU
		{653F43D7-1060-4767-88C1-93FFCEBFD337}.Release|Any CPU.ActiveCfg = Release|Any CPU
		{653F43D7-1060-4767-88C1-93FFCEBFD337}.Release|Any CPU.Build.0 = Release|Any CPU
	EndGlobalSection
	GlobalSection(SolutionProperties) = preSolution
		HideSolutionNode = FALSE
	EndGlobalSection
	GlobalSection(ExtensibilityGlobals) = postSolution
		SolutionGuid = {4822DA7C-FE74-427A-B0EB-3CB02146485A}
	EndGlobalSection
EndGlobal
